name: FlipBlock

permissions:
  contents: write

on:
  push:
    branches:
      - main
    paths:
      - CustomSprites/FlipBlock/**.*
    tags:
      - '*'

  workflow_dispatch:

jobs:
  build:
    runs-on: ubuntu-latest
    steps:
      - name: Checkout
        uses: actions/checkout@v4

      - name: Compress
        run: zip -r FlipBlock.zip CustomSprites/FlipBlock

      - name: Create / Edit Release
        uses: ncipollo/release-action@v1
        with:
          token: ${{ secrets.GITHUB_TOKEN }}
          name: Flip Block
          tag: FlipBlock
          allowUpdates: true
          replacesArtifacts: true
          bodyFile: CustomSprites/FlipBlock/README.md
          artifacts: FlipBlock.zip
          artifactContentType: application/zip
